
Microsoft Visual Studio Solution File, Format Version 12.00
# Visual Studio Version 17
VisualStudioVersion = 17.5.33627.172
MinimumVisualStudioVersion = 10.0.40219.1
Project("{FAE04EC0-301F-11D3-BF4B-00C04F79EFBC}") = "calculadoraCentifica", "calculadoraCentifica\calculadoraCentifica.csproj", "{5A494F10-27E7-439E-90EC-542893E82526}"
EndProject
Global
	GlobalSection(SolutionConfigurationPlatforms) = preSolution
		Debug|Any CPU = Debug|Any CPU
		Release|Any CPU = Release|Any CPU
	EndGlobalSection
	GlobalSection(ProjectConfigurationPlatforms) = postSolution
		{5A494F10-27E7-439E-90EC-542893E82526}.Debug|Any CPU.ActiveCfg = Debug|Any CPU
		{5A494F10-27E7-439E-90EC-542893E82526}.Debug|Any CPU.Build.0 = Debug|Any CPU
		{5A494F10-27E7-439E-90EC-542893E82526}.Release|Any CPU.ActiveCfg = Release|Any CPU
		{5A494F10-27E7-439E-90EC-542893E82526}.Release|Any CPU.Build.0 = Release|Any CPU
	EndGlobalSection
	GlobalSection(SolutionProperties) = preSolution
		HideSolutionNode = FALSE
	EndGlobalSection
	GlobalSection(ExtensibilityGlobals) = postSolution
		SolutionGuid = {8112F8DD-E027-4E59-A0FF-0634FC7BF406}
	EndGlobalSection
EndGlobal
